
Microsoft Visual Studio Solution File, Format Version 12.00
# Visual Studio Version 17
VisualStudioVersion = 17.13.35931.197
MinimumVisualStudioVersion = 10.0.40219.1
Project("{2150E333-8FDC-42A3-9474-1A3956D46DE8}") = "Services", "Services", "{02EA681E-C7D8-13C7-8484-4AC65E1B71E8}"
EndProject
Project("{2150E333-8FDC-42A3-9474-1A3956D46DE8}") = "Catalog", "Catalog", "{77B05A77-842B-4447-805E-981BC090F32B}"
EndProject
Project("{FAE04EC0-301F-11D3-BF4B-00C04F79EFBC}") = "Catalog.API", "Services\Catalog\Catalog.API\Catalog.API.csproj", "{C8A6E46C-FAC9-41B2-AC17-1FC152D6EC22}"
EndProject
Project("{FAE04EC0-301F-11D3-BF4B-00C04F79EFBC}") = "Catalog.Application", "Services\Catalog\Catalog.Application\Catalog.Application.csproj", "{048EB448-5B20-4BAE-8ED3-7B35A0789F4E}"
EndProject
Project("{FAE04EC0-301F-11D3-BF4B-00C04F79EFBC}") = "Catalog.Core", "Services\Catalog\Catalog.Core\Catalog.Core.csproj", "{718C434C-F8BA-44BA-81CD-8F197775BAC5}"
EndProject
Project("{FAE04EC0-301F-11D3-BF4B-00C04F79EFBC}") = "Catalog.Infrastructure", "Services\Catalog\Catalog.Infrastructure\Catalog.Infrastructure.csproj", "{806F2D9E-E9A0-4762-BD62-C1BDCBEE511F}"
EndProject
Project("{E53339B2-1760-4266-BCC7-CA923CBCF16C}") = "docker-compose", "docker-compose.dcproj", "{81DDED9D-158B-E303-5F62-77A2896D2A5A}"
EndProject
Global
	GlobalSection(SolutionConfigurationPlatforms) = preSolution
		Debug|Any CPU = Debug|Any CPU
		Release|Any CPU = Release|Any CPU
	EndGlobalSection
	GlobalSection(ProjectConfigurationPlatforms) = postSolution
		{C8A6E46C-FAC9-41B2-AC17-1FC152D6EC22}.Debug|Any CPU.ActiveCfg = Debug|Any CPU
		{C8A6E46C-FAC9-41B2-AC17-1FC152D6EC22}.Debug|Any CPU.Build.0 = Debug|Any CPU
		{C8A6E46C-FAC9-41B2-AC17-1FC152D6EC22}.Release|Any CPU.ActiveCfg = Release|Any CPU
		{C8A6E46C-FAC9-41B2-AC17-1FC152D6EC22}.Release|Any CPU.Build.0 = Release|Any CPU
		{048EB448-5B20-4BAE-8ED3-7B35A0789F4E}.Debug|Any CPU.ActiveCfg = Debug|Any CPU
		{048EB448-5B20-4BAE-8ED3-7B35A0789F4E}.Debug|Any CPU.Build.0 = Debug|Any CPU
		{048EB448-5B20-4BAE-8ED3-7B35A0789F4E}.Release|Any CPU.ActiveCfg = Release|Any CPU
		{048EB448-5B20-4BAE-8ED3-7B35A0789F4E}.Release|Any CPU.Build.0 = Release|Any CPU
		{718C434C-F8BA-44BA-81CD-8F197775BAC5}.Debug|Any CPU.ActiveCfg = Debug|Any CPU
		{718C434C-F8BA-44BA-81CD-8F197775BAC5}.Debug|Any CPU.Build.0 = Debug|Any CPU
		{718C434C-F8BA-44BA-81CD-8F197775BAC5}.Release|Any CPU.ActiveCfg = Release|Any CPU
		{718C434C-F8BA-44BA-81CD-8F197775BAC5}.Release|Any CPU.Build.0 = Release|Any CPU
		{806F2D9E-E9A0-4762-BD62-C1BDCBEE511F}.Debug|Any CPU.ActiveCfg = Debug|Any CPU
		{806F2D9E-E9A0-4762-BD62-C1BDCBEE511F}.Debug|Any CPU.Build.0 = Debug|Any CPU
		{806F2D9E-E9A0-4762-BD62-C1BDCBEE511F}.Release|Any CPU.ActiveCfg = Release|Any CPU
		{806F2D9E-E9A0-4762-BD62-C1BDCBEE511F}.Release|Any CPU.Build.0 = Release|Any CPU
		{81DDED9D-158B-E303-5F62-77A2896D2A5A}.Debug|Any CPU.ActiveCfg = Debug|Any CPU
		{81DDED9D-158B-E303-5F62-77A2896D2A5A}.Debug|Any CPU.Build.0 = Debug|Any CPU
		{81DDED9D-158B-E303-5F62-77A2896D2A5A}.Release|Any CPU.ActiveCfg = Release|Any CPU
		{81DDED9D-158B-E303-5F62-77A2896D2A5A}.Release|Any CPU.Build.0 = Release|Any CPU
	EndGlobalSection
	GlobalSection(SolutionProperties) = preSolution
		HideSolutionNode = FALSE
	EndGlobalSection
	GlobalSection(NestedProjects) = preSolution
		{77B05A77-842B-4447-805E-981BC090F32B} = {02EA681E-C7D8-13C7-8484-4AC65E1B71E8}
		{C8A6E46C-FAC9-41B2-AC17-1FC152D6EC22} = {77B05A77-842B-4447-805E-981BC090F32B}
		{048EB448-5B20-4BAE-8ED3-7B35A0789F4E} = {77B05A77-842B-4447-805E-981BC090F32B}
		{718C434C-F8BA-44BA-81CD-8F197775BAC5} = {77B05A77-842B-4447-805E-981BC090F32B}
		{806F2D9E-E9A0-4762-BD62-C1BDCBEE511F} = {77B05A77-842B-4447-805E-981BC090F32B}
	EndGlobalSection
	GlobalSection(ExtensibilityGlobals) = postSolution
		SolutionGuid = {A26A5EDB-8CEF-440B-9314-1933BDB90F14}
	EndGlobalSection
EndGlobal
